
Microsoft Visual Studio Solution File, Format Version 12.00
# Visual Studio Version 16
VisualStudioVersion = 16.0.29403.142
MinimumVisualStudioVersion = 10.0.40219.1
Project("{FAE04EC0-301F-11D3-BF4B-00C04F79EFBC}") = "Zach_BugTracker", "Zach_BugTracker\Zach_BugTracker.csproj", "{01783CAB-D9F2-4D04-8002-997FEAF8E054}"
EndProject
Global
	GlobalSection(SolutionConfigurationPlatforms) = preSolution
		Debug|Any CPU = Debug|Any CPU
		Release|Any CPU = Release|Any CPU
	EndGlobalSection
	GlobalSection(ProjectConfigurationPlatforms) = postSolution
		{01783CAB-D9F2-4D04-8002-997FEAF8E054}.Debug|Any CPU.ActiveCfg = Debug|Any CPU
		{01783CAB-D9F2-4D04-8002-997FEAF8E054}.Debug|Any CPU.Build.0 = Debug|Any CPU
		{01783CAB-D9F2-4D04-8002-997FEAF8E054}.Release|Any CPU.ActiveCfg = Release|Any CPU
		{01783CAB-D9F2-4D04-8002-997FEAF8E054}.Release|Any CPU.Build.0 = Release|Any CPU
	EndGlobalSection
	GlobalSection(SolutionProperties) = preSolution
		HideSolutionNode = FALSE
	EndGlobalSection
	GlobalSection(ExtensibilityGlobals) = postSolution
		SolutionGuid = {9DDF6B31-9FD7-41BF-9831-C25D68AF2FF9}
	EndGlobalSection
EndGlobal
